
Microsoft Visual Studio Solution File, Format Version 12.00
# Visual Studio 15
VisualStudioVersion = 15.0.27428.2037
MinimumVisualStudioVersion = 10.0.40219.1
Project("{FAE04EC0-301F-11D3-BF4B-00C04F79EFBC}") = "NewClassLibrary", "NewClassLibrary\NewClassLibrary.csproj", "{3973386F-A00F-4651-8DA0-6FE76B1A043C}"
EndProject
Project("{FAE04EC0-301F-11D3-BF4B-00C04F79EFBC}") = "Host", "Host\Host.csproj", "{CCB761ED-BE61-425A-AFC6-BB7F56DC4A90}"
EndProject
Project("{FAE04EC0-301F-11D3-BF4B-00C04F79EFBC}") = "Client", "Client\Client.csproj", "{26B47B01-3144-4BE7-8F84-31E7E3DB4CA3}"
EndProject
Global
	GlobalSection(SolutionConfigurationPlatforms) = preSolution
		Debug|Any CPU = Debug|Any CPU
		Release|Any CPU = Release|Any CPU
	EndGlobalSection
	GlobalSection(ProjectConfigurationPlatforms) = postSolution
		{3973386F-A00F-4651-8DA0-6FE76B1A043C}.Debug|Any CPU.ActiveCfg = Debug|Any CPU
		{3973386F-A00F-4651-8DA0-6FE76B1A043C}.Debug|Any CPU.Build.0 = Debug|Any CPU
		{3973386F-A00F-4651-8DA0-6FE76B1A043C}.Release|Any CPU.ActiveCfg = Release|Any CPU
		{3973386F-A00F-4651-8DA0-6FE76B1A043C}.Release|Any CPU.Build.0 = Release|Any CPU
		{CCB761ED-BE61-425A-AFC6-BB7F56DC4A90}.Debug|Any CPU.ActiveCfg = Debug|Any CPU
		{CCB761ED-BE61-425A-AFC6-BB7F56DC4A90}.Debug|Any CPU.Build.0 = Debug|Any CPU
		{CCB761ED-BE61-425A-AFC6-BB7F56DC4A90}.Release|Any CPU.ActiveCfg = Release|Any CPU
		{CCB761ED-BE61-425A-AFC6-BB7F56DC4A90}.Release|Any CPU.Build.0 = Release|Any CPU
		{26B47B01-3144-4BE7-8F84-31E7E3DB4CA3}.Debug|Any CPU.ActiveCfg = Debug|Any CPU
		{26B47B01-3144-4BE7-8F84-31E7E3DB4CA3}.Debug|Any CPU.Build.0 = Debug|Any CPU
		{26B47B01-3144-4BE7-8F84-31E7E3DB4CA3}.Release|Any CPU.ActiveCfg = Release|Any CPU
		{26B47B01-3144-4BE7-8F84-31E7E3DB4CA3}.Release|Any CPU.Build.0 = Release|Any CPU
	EndGlobalSection
	GlobalSection(SolutionProperties) = preSolution
		HideSolutionNode = FALSE
	EndGlobalSection
	GlobalSection(ExtensibilityGlobals) = postSolution
		SolutionGuid = {5B528CB6-99E7-4D49-99E1-7737A6C6EF4E}
	EndGlobalSection
EndGlobal
